
Microsoft Visual Studio Solution File, Format Version 12.00
# Visual Studio 14
VisualStudioVersion = 14.0.25420.1
MinimumVisualStudioVersion = 10.0.40219.1
Project("{FAE04EC0-301F-11D3-BF4B-00C04F79EFBC}") = "ProjetoAgenda", "ProjetoAgenda\ProjetoAgenda.csproj", "{69B7FECE-9D25-4AA2-BE07-AA7AB2823BAD}"
EndProject
Global
	GlobalSection(SolutionConfigurationPlatforms) = preSolution
		Debug|Any CPU = Debug|Any CPU
		Release|Any CPU = Release|Any CPU
	EndGlobalSection
	GlobalSection(ProjectConfigurationPlatforms) = postSolution
		{69B7FECE-9D25-4AA2-BE07-AA7AB2823BAD}.Debug|Any CPU.ActiveCfg = Debug|Any CPU
		{69B7FECE-9D25-4AA2-BE07-AA7AB2823BAD}.Debug|Any CPU.Build.0 = Debug|Any CPU
		{69B7FECE-9D25-4AA2-BE07-AA7AB2823BAD}.Release|Any CPU.ActiveCfg = Release|Any CPU
		{69B7FECE-9D25-4AA2-BE07-AA7AB2823BAD}.Release|Any CPU.Build.0 = Release|Any CPU
	EndGlobalSection
	GlobalSection(SolutionProperties) = preSolution
		HideSolutionNode = FALSE
	EndGlobalSection
EndGlobal
